
Microsoft Visual Studio Solution File, Format Version 12.00
# Visual Studio Version 16
VisualStudioVersion = 16.0.30907.101
MinimumVisualStudioVersion = 10.0.40219.1
Project("{FAE04EC0-301F-11D3-BF4B-00C04F79EFBC}") = "RemoteThreadProcessInjection", "RemoteThreadProcessInjection.csproj", "{6BCF8677-28C9-42AD-8AC6-1AF7111A0BFC}"
EndProject
Global
	GlobalSection(SolutionConfigurationPlatforms) = preSolution
		Debug|Any CPU = Debug|Any CPU
		Release|Any CPU = Release|Any CPU
	EndGlobalSection
	GlobalSection(ProjectConfigurationPlatforms) = postSolution
		{6BCF8677-28C9-42AD-8AC6-1AF7111A0BFC}.Debug|Any CPU.ActiveCfg = Debug|Any CPU
		{6BCF8677-28C9-42AD-8AC6-1AF7111A0BFC}.Debug|Any CPU.Build.0 = Debug|Any CPU
		{6BCF8677-28C9-42AD-8AC6-1AF7111A0BFC}.Release|Any CPU.ActiveCfg = Release|Any CPU
		{6BCF8677-28C9-42AD-8AC6-1AF7111A0BFC}.Release|Any CPU.Build.0 = Release|Any CPU
	EndGlobalSection
	GlobalSection(SolutionProperties) = preSolution
		HideSolutionNode = FALSE
	EndGlobalSection
	GlobalSection(ExtensibilityGlobals) = postSolution
		SolutionGuid = {1BEFE040-8B5F-4082-9CBD-888D362E0A86}
	EndGlobalSection
EndGlobal
